// !$*UTF8*$!
{
	archiveVersion = 1;
	classes = {
	};
	objectVersion = 46;
	objects = {

/* Begin PBXBuildFile section */
		4997A3971922968600F53941 /* Foundation.framework in Frameworks */ = {isa = PBXBuildFile; fileRef = 4997A3961922968600F53941 /* Foundation.framework */; };
		4997A3991922968600F53941 /* CoreGraphics.framework in Frameworks */ = {isa = PBXBuildFile; fileRef = 4997A3981922968600F53941 /* CoreGraphics.framework */; };
		4997A39B1922968600F53941 /* UIKit.framework in Frameworks */ = {isa = PBXBuildFile; fileRef = 4997A39A1922968600F53941 /* UIKit.framework */; };
		4997A3A11922968600F53941 /* InfoPlist.strings in Resources */ = {isa = PBXBuildFile; fileRef = 4997A39F1922968600F53941 /* InfoPlist.strings */; };
		4997A3A31922968600F53941 /* main.m in Sources */ = {isa = PBXBuildFile; fileRef = 4997A3A21922968600F53941 /* main.m */; };
		4997A3A71922968600F53941 /* MFNAppDelegate.m in Sources */ = {isa = PBXBuildFile; fileRef = 4997A3A61922968600F53941 /* MFNAppDelegate.m */; };
		4997A3A91922968600F53941 /* Images.xcassets in Resources */ = {isa = PBXBuildFile; fileRef = 4997A3A81922968600F53941 /* Images.xcassets */; };
		4997A3B01922968600F53941 /* XCTest.framework in Frameworks */ = {isa = PBXBuildFile; fileRef = 4997A3AF1922968600F53941 /* XCTest.framework */; };
		4997A3B11922968600F53941 /* Foundation.framework in Frameworks */ = {isa = PBXBuildFile; fileRef = 4997A3961922968600F53941 /* Foundation.framework */; };
		4997A3B21922968600F53941 /* UIKit.framework in Frameworks */ = {isa = PBXBuildFile; fileRef = 4997A39A1922968600F53941 /* UIKit.framework */; };
		4997A3BA1922968600F53941 /* InfoPlist.strings in Resources */ = {isa = PBXBuildFile; fileRef = 4997A3B81922968600F53941 /* InfoPlist.strings */; };
		4997A3BC1922968600F53941 /* TheBowlingGameKataTests.m in Sources */ = {isa = PBXBuildFile; fileRef = 4997A3BB1922968600F53941 /* TheBowlingGameKataTests.m */; };
/* End PBXBuildFile section */

/* Begin PBXContainerItemProxy section */
		4997A3B31922968600F53941 /* PBXContainerItemProxy */ = {
			isa = PBXContainerItemProxy;
			containerPortal = 4997A38B1922968600F53941 /* Project object */;
			proxyType = 1;
			remoteGlobalIDString = 4997A3921922968600F53941;
			remoteInfo = TheBowlingGameKata;
		};
/* End PBXContainerItemProxy section */

/* Begin PBXFileReference section */
		4997A3931922968600F53941 /* TheBowlingGameKata.app */ = {isa = PBXFileReference; explicitFileType = wrapper.application; includeInIndex = 0; path = TheBowlingGameKata.app; sourceTree = BUILT_PRODUCTS_DIR; };
		4997A3961922968600F53941 /* Foundation.framework */ = {isa = PBXFileReference; lastKnownFileType = wrapper.framework; name = Foundation.framework; path = System/Library/Frameworks/Foundation.framework; sourceTree = SDKROOT; };
		4997A3981922968600F53941 /* CoreGraphics.framework */ = {isa = PBXFileReference; lastKnownFileType = wrapper.framework; name = CoreGraphics.framework; path = System/Library/Frameworks/CoreGraphics.framework; sourceTree = SDKROOT; };
		4997A39A1922968600F53941 /* UIKit.framework */ = {isa = PBXFileReference; lastKnownFileType = wrapper.framework; name = UIKit.framework; path = System/Library/Frameworks/UIKit.framework; sourceTree = SDKROOT; };
		4997A39E1922968600F53941 /* TheBowlingGameKata-Info.plist */ = {isa = PBXFileReference; lastKnownFileType = text.plist.xml; path = "TheBowlingGameKata-Info.plist"; sourceTree = "<group>"; };
		4997A3A01922968600F53941 /* en */ = {isa = PBXFileReference; lastKnownFileType = text.plist.strings; name = en; path = en.lproj/InfoPlist.strings; sourceTree = "<group>"; };
		4997A3A21922968600F53941 /* main.m */ = {isa = PBXFileReference; lastKnownFileType = sourcecode.c.objc; path = main.m; sourceTree = "<group>"; };
		4997A3A41922968600F53941 /* TheBowlingGameKata-Prefix.pch */ = {isa = PBXFileReference; lastKnownFileType = sourcecode.c.h; path = "TheBowlingGameKata-Prefix.pch"; sourceTree = "<group>"; };
		4997A3A51922968600F53941 /* MFNAppDelegate.h */ = {isa = PBXFileReference; lastKnownFileType = sourcecode.c.h; path = MFNAppDelegate.h; sourceTree = "<group>"; };
		4997A3A61922968600F53941 /* MFNAppDelegate.m */ = {isa = PBXFileReference; lastKnownFileType = sourcecode.c.objc; path = MFNAppDelegate.m; sourceTree = "<group>"; };
		4997A3A81922968600F53941 /* Images.xcassets */ = {isa = PBXFileReference; lastKnownFileType = folder.assetcatalog; path = Images.xcassets; sourceTree = "<group>"; };
		4997A3AE1922968600F53941 /* TheBowlingGameKataTests.xctest */ = {isa = PBXFileReference; explicitFileType = wrapper.cfbundle; includeInIndex = 0; path = TheBowlingGameKataTests.xctest; sourceTree = BUILT_PRODUCTS_DIR; };
		4997A3AF1922968600F53941 /* XCTest.framework */ = {isa = PBXFileReference; lastKnownFileType = wrapper.framework; name = XCTest.framework; path = Library/Frameworks/XCTest.framework; sourceTree = DEVELOPER_DIR; };
		4997A3B71922968600F53941 /* TheBowlingGameKataTests-Info.plist */ = {isa = PBXFileReference; lastKnownFileType = text.plist.xml; path = "TheBowlingGameKataTests-Info.plist"; sourceTree = "<group>"; };
		4997A3B91922968600F53941 /* en */ = {isa = PBXFileReference; lastKnownFileType = text.plist.strings; name = en; path = en.lproj/InfoPlist.strings; sourceTree = "<group>"; };
		4997A3BB1922968600F53941 /* TheBowlingGameKataTests.m */ = {isa = PBXFileReference; lastKnownFileType = sourcecode.c.objc; path = TheBowlingGameKataTests.m; sourceTree = "<group>"; };
/* End PBXFileReference section */

/* Begin PBXFrameworksBuildPhase section */
		4997A3901922968600F53941 /* Frameworks */ = {
			isa = PBXFrameworksBuildPhase;
			buildActionMask = 2147483647;
			files = (
				4997A3991922968600F53941 /* CoreGraphics.framework in Frameworks */,
				4997A39B1922968600F53941 /* UIKit.framework in Frameworks */,
				4997A3971922968600F53941 /* Foundation.framework in Frameworks */,
			);
			runOnlyForDeploymentPostprocessing = 0;
		};
		4997A3AB1922968600F53941 /* Frameworks */ = {
			isa = PBXFrameworksBuildPhase;
			buildActionMask = 2147483647;
			files = (
				4997A3B01922968600F53941 /* XCTest.framework in Frameworks */,
				4997A3B21922968600F53941 /* UIKit.framework in Frameworks */,
				4997A3B11922968600F53941 /* Foundation.framework in Frameworks */,
			);
			runOnlyForDeploymentPostprocessing = 0;
		};
/* End PBXFrameworksBuildPhase section */

/* Begin PBXGroup section */
		4997A38A1922968600F53941 = {
			isa = PBXGroup;
			children = (
				4997A39C1922968600F53941 /* TheBowlingGameKata */,
				4997A3B51922968600F53941 /* TheBowlingGameKataTests */,
				4997A3951922968600F53941 /* Frameworks */,
				4997A3941922968600F53941 /* Products */,
			);
			sourceTree = "<group>";
		};
		4997A3941922968600F53941 /* Products */ = {
			isa = PBXGroup;
			children = (
				4997A3931922968600F53941 /* TheBowlingGameKata.app */,
				4997A3AE1922968600F53941 /* TheBowlingGameKataTests.xctest */,
			);
			name = Products;
			sourceTree = "<group>";
		};
		4997A3951922968600F53941 /* Frameworks */ = {
			isa = PBXGroup;
			children = (
				4997A3961922968600F53941 /* Foundation.framework */,
				4997A3981922968600F53941 /* CoreGraphics.framework */,
				4997A39A1922968600F53941 /* UIKit.framework */,
				4997A3AF1922968600F53941 /* XCTest.framework */,
			);
			name = Frameworks;
			sourceTree = "<group>";
		};
		4997A39C1922968600F53941 /* TheBowlingGameKata */ = {
			isa = PBXGroup;
			children = (
				4997A3A51922968600F53941 /* MFNAppDelegate.h */,
				4997A3A61922968600F53941 /* MFNAppDelegate.m */,
				4997A3A81922968600F53941 /* Images.xcassets */,
				4997A39D1922968600F53941 /* Supporting Files */,
			);
			path = TheBowlingGameKata;
			sourceTree = "<group>";
		};
		4997A39D1922968600F53941 /* Supporting Files */ = {
			isa = PBXGroup;
			children = (
				4997A39E1922968600F53941 /* TheBowlingGameKata-Info.plist */,
				4997A39F1922968600F53941 /* InfoPlist.strings */,
				4997A3A21922968600F53941 /* main.m */,
				4997A3A41922968600F53941 /* TheBowlingGameKata-Prefix.pch */,
			);
			name = "Supporting Files";
			sourceTree = "<group>";
		};
		4997A3B51922968600F53941 /* TheBowlingGameKataTests */ = {
			isa = PBXGroup;
			children = (
				4997A3BB1922968600F53941 /* TheBowlingGameKataTests.m */,
				4997A3B61922968600F53941 /* Supporting Files */,
			);
			path = TheBowlingGameKataTests;
			sourceTree = "<group>";
		};
		4997A3B61922968600F53941 /* Supporting Files */ = {
			isa = PBXGroup;
			children = (
				4997A3B71922968600F53941 /* TheBowlingGameKataTests-Info.plist */,
				4997A3B81922968600F53941 /* InfoPlist.strings */,
			);
			name = "Supporting Files";
			sourceTree = "<group>";
		};
/* End PBXGroup section */

/* Begin PBXNativeTarget section */
		4997A3921922968600F53941 /* TheBowlingGameKata */ = {
			isa = PBXNativeTarget;
			buildConfigurationList = 4997A3BF1922968600F53941 /* Build configuration list for PBXNativeTarget "TheBowlingGameKata" */;
			buildPhases = (
				4997A38F1922968600F53941 /* Sources */,
				4997A3901922968600F53941 /* Frameworks */,
				4997A3911922968600F53941 /* Resources */,
			);
			buildRules = (
			);
			dependencies = (
			);
			name = TheBowlingGameKata;
			productName = TheBowlingGameKata;
			productReference = 4997A3931922968600F53941 /* TheBowlingGameKata.app */;
			productType = "com.apple.product-type.application";
		};
		4997A3AD1922968600F53941 /* TheBowlingGameKataTests */ = {
			isa = PBXNativeTarget;
			buildConfigurationList = 4997A3C21922968600F53941 /* Build configuration list for PBXNativeTarget "TheBowlingGameKataTests" */;
			buildPhases = (
				4997A3AA1922968600F53941 /* Sources */,
				4997A3AB1922968600F53941 /* Frameworks */,
				4997A3AC1922968600F53941 /* Resources */,
			);
			buildRules = (
			);
			dependencies = (
				4997A3B41922968600F53941 /* PBXTargetDependency */,
			);
			name = TheBowlingGameKataTests;
			productName = TheBowlingGameKataTests;
			productReference = 4997A3AE1922968600F53941 /* TheBowlingGameKataTests.xctest */;
			productType = "com.apple.product-type.bundle.unit-test";
		};
/* End PBXNativeTarget section */

/* Begin PBXProject section */
		4997A38B1922968600F53941 /* Project object */ = {
			isa = PBXProject;
			attributes = {
				CLASSPREFIX = MFN;
				LastUpgradeCheck = 0510;
				ORGANIZATIONNAME = "Miguel Ferrando";
				TargetAttributes = {
					4997A3AD1922968600F53941 = {
						TestTargetID = 4997A3921922968600F53941;
					};
				};
			};
			buildConfigurationList = 4997A38E1922968600F53941 /* Build configuration list for PBXProject "TheBowlingGameKata" */;
			compatibilityVersion = "Xcode 3.2";
			developmentRegion = English;
			hasScannedForEncodings = 0;
			knownRegions = (
				en,
			);
			mainGroup = 4997A38A1922968600F53941;
			productRefGroup = 4997A3941922968600F53941 /* Products */;
			projectDirPath = "";
			projectRoot = "";
			targets = (
				4997A3921922968600F53941 /* TheBowlingGameKata */,
				4997A3AD1922968600F53941 /* TheBowlingGameKataTests */,
			);
		};
/* End PBXProject section */

/* Begin PBXResourcesBuildPhase section */
		4997A3911922968600F53941 /* Resources */ = {
			isa = PBXResourcesBuildPhase;
			buildActionMask = 2147483647;
			files = (
				4997A3A11922968600F53941 /* InfoPlist.strings in Resources */,
				4997A3A91922968600F53941 /* Images.xcassets in Resources */,
			);
			runOnlyForDeploymentPostprocessing = 0;
		};
		4997A3AC1922968600F53941 /* Resources */ = {
			isa = PBXResourcesBuildPhase;
			buildActionMask = 2147483647;
			files = (
				4997A3BA1922968600F53941 /* InfoPlist.strings in Resources */,
			);
			runOnlyForDeploymentPostprocessing = 0;
		};
/* End PBXResourcesBuildPhase section */

/* Begin PBXSourcesBuildPhase section */
		4997A38F1922968600F53941 /* Sources */ = {
			isa = PBXSourcesBuildPhase;
			buildActionMask = 2147483647;
			files = (
				4997A3A71922968600F53941 /* MFNAppDelegate.m in Sources */,
				4997A3A31922968600F53941 /* main.m in Sources */,
			);
			runOnlyForDeploymentPostprocessing = 0;
		};
		4997A3AA1922968600F53941 /* Sources */ = {
			isa = PBXSourcesBuildPhase;
			buildActionMask = 2147483647;
			files = (
				4997A3BC1922968600F53941 /* TheBowlingGameKataTests.m in Sources */,
			);
			runOnlyForDeploymentPostprocessing = 0;
		};
/* End PBXSourcesBuildPhase section */

/* Begin PBXTargetDependency section */
		4997A3B41922968600F53941 /* PBXTargetDependency */ = {
			isa = PBXTargetDependency;
			target = 4997A3921922968600F53941 /* TheBowlingGameKata */;
			targetProxy = 4997A3B31922968600F53941 /* PBXContainerItemProxy */;
		};
/* End PBXTargetDependency section */

/* Begin PBXVariantGroup section */
		4997A39F1922968600F53941 /* InfoPlist.strings */ = {
			isa = PBXVariantGroup;
			children = (
				4997A3A01922968600F53941 /* en */,
			);
			name = InfoPlist.strings;
			sourceTree = "<group>";
		};
		4997A3B81922968600F53941 /* InfoPlist.strings */ = {
			isa = PBXVariantGroup;
			children = (
				4997A3B91922968600F53941 /* en */,
			);
			name = InfoPlist.strings;
			sourceTree = "<group>";
		};
/* End PBXVariantGroup section */

/* Begin XCBuildConfiguration section */
		4997A3BD1922968600F53941 /* Debug */ = {
			isa = XCBuildConfiguration;
			buildSettings = {
				ALWAYS_SEARCH_USER_PATHS = NO;
				CLANG_CXX_LANGUAGE_STANDARD = "gnu++0x";
				CLANG_CXX_LIBRARY = "libc++";
				CLANG_ENABLE_MODULES = YES;
				CLANG_ENABLE_OBJC_ARC = YES;
				CLANG_WARN_BOOL_CONVERSION = YES;
				CLANG_WARN_CONSTANT_CONVERSION = YES;
				CLANG_WARN_DIRECT_OBJC_ISA_USAGE = YES_ERROR;
				CLANG_WARN_EMPTY_BODY = YES;
				CLANG_WARN_ENUM_CONVERSION = YES;
				CLANG_WARN_INT_CONVERSION = YES;
				CLANG_WARN_OBJC_ROOT_CLASS = YES_ERROR;
				CLANG_WARN__DUPLICATE_METHOD_MATCH = YES;
				"CODE_SIGN_IDENTITY[sdk=iphoneos*]" = "iPhone Developer";
				COPY_PHASE_STRIP = NO;
				GCC_C_LANGUAGE_STANDARD = gnu99;
				GCC_DYNAMIC_NO_PIC = NO;
				GCC_OPTIMIZATION_LEVEL = 0;
				GCC_PREPROCESSOR_DEFINITIONS = (
					"DEBUG=1",
					"$(inherited)",
				);
				GCC_SYMBOLS_PRIVATE_EXTERN = NO;
				GCC_WARN_64_TO_32_BIT_CONVERSION = YES;
				GCC_WARN_ABOUT_RETURN_TYPE = YES_ERROR;
				GCC_WARN_UNDECLARED_SELECTOR = YES;
				GCC_WARN_UNINITIALIZED_AUTOS = YES_AGGRESSIVE;
				GCC_WARN_UNUSED_FUNCTION = YES;
				GCC_WARN_UNUSED_VARIABLE = YES;
				IPHONEOS_DEPLOYMENT_TARGET = 7.1;
				ONLY_ACTIVE_ARCH = YES;
				SDKROOT = iphoneos;
			};
			name = Debug;
		};
		4997A3BE1922968600F53941 /* Release */ = {
			isa = XCBuildConfiguration;
			buildSettings = {
				ALWAYS_SEARCH_USER_PATHS = NO;
				CLANG_CXX_LANGUAGE_STANDARD = "gnu++0x";
				CLANG_CXX_LIBRARY = "libc++";
				CLANG_ENABLE_MODULES = YES;
				CLANG_ENABLE_OBJC_ARC = YES;
				CLANG_WARN_BOOL_CONVERSION = YES;
				CLANG_WARN_CONSTANT_CONVERSION = YES;
				CLANG_WARN_DIRECT_OBJC_ISA_USAGE = YES_ERROR;
				CLANG_WARN_EMPTY_BODY = YES;
				CLANG_WARN_ENUM_CONVERSION = YES;
				CLANG_WARN_INT_CONVERSION = YES;
				CLANG_WARN_OBJC_ROOT_CLASS = YES_ERROR;
				CLANG_WARN__DUPLICATE_METHOD_MATCH = YES;
				"CODE_SIGN_IDENTITY[sdk=iphoneos*]" = "iPhone Developer";
				COPY_PHASE_STRIP = YES;
				ENABLE_NS_ASSERTIONS = NO;
				GCC_C_LANGUAGE_STANDARD = gnu99;
				GCC_WARN_64_TO_32_BIT_CONVERSION = YES;
				GCC_WARN_ABOUT_RETURN_TYPE = YES_ERROR;
				GCC_WARN_UNDECLARED_SELECTOR = YES;
				GCC_WARN_UNINITIALIZED_AUTOS = YES_AGGRESSIVE;
				GCC_WARN_UNUSED_FUNCTION = YES;
				GCC_WARN_UNUSED_VARIABLE = YES;
				IPHONEOS_DEPLOYMENT_TARGET = 7.1;
				SDKROOT = iphoneos;
				VALIDATE_PRODUCT = YES;
			};
			name = Release;
		};
		4997A3C01922968600F53941 /* Debug */ = {
			isa = XCBuildConfiguration;
			buildSettings = {
				ASSETCATALOG_COMPILER_APPICON_NAME = AppIcon;
				ASSETCATALOG_COMPILER_LAUNCHIMAGE_NAME = LaunchImage;
				GCC_PRECOMPILE_PREFIX_HEADER = YES;
				GCC_PREFIX_HEADER = "TheBowlingGameKata/TheBowlingGameKata-Prefix.pch";
				INFOPLIST_FILE = "TheBowlingGameKata/TheBowlingGameKata-Info.plist";
				PRODUCT_NAME = "$(TARGET_NAME)";
				WRAPPER_EXTENSION = app;
			};
			name = Debug;
		};
		4997A3C11922968600F53941 /* Release */ = {
			isa = XCBuildConfiguration;
			buildSettings = {
				ASSETCATALOG_COMPILER_APPICON_NAME = AppIcon;
				ASSETCATALOG_COMPILER_LAUNCHIMAGE_NAME = LaunchImage;
				GCC_PRECOMPILE_PREFIX_HEADER = YES;
				GCC_PREFIX_HEADER = "TheBowlingGameKata/TheBowlingGameKata-Prefix.pch";
				INFOPLIST_FILE = "TheBowlingGameKata/TheBowlingGameKata-Info.plist";
				PRODUCT_NAME = "$(TARGET_NAME)";
				WRAPPER_EXTENSION = app;
			};
			name = Release;
		};
		4997A3C31922968600F53941 /* Debug */ = {
			isa = XCBuildConfiguration;
			buildSettings = {
				BUNDLE_LOADER = "$(BUILT_PRODUCTS_DIR)/TheBowlingGameKata.app/TheBowlingGameKata";
				FRAMEWORK_SEARCH_PATHS = (
					"$(SDKROOT)/Developer/Library/Frameworks",
					"$(inherited)",
					"$(DEVELOPER_FRAMEWORKS_DIR)",
				);
				GCC_PRECOMPILE_PREFIX_HEADER = YES;
				GCC_PREFIX_HEADER = "TheBowlingGameKata/TheBowlingGameKata-Prefix.pch";
				GCC_PREPROCESSOR_DEFINITIONS = (
					"DEBUG=1",
					"$(inherited)",
				);
				INFOPLIST_FILE = "TheBowlingGameKataTests/TheBowlingGameKataTests-Info.plist";
				PRODUCT_NAME = "$(TARGET_NAME)";
				TEST_HOST = "$(BUNDLE_LOADER)";
				WRAPPER_EXTENSION = xctest;
			};
			name = Debug;
		};
		4997A3C41922968600F53941 /* Release */ = {
			isa = XCBuildConfiguration;
			buildSettings = {
				BUNDLE_LOADER = "$(BUILT_PRODUCTS_DIR)/TheBowlingGameKata.app/TheBowlingGameKata";
				FRAMEWORK_SEARCH_PATHS = (
					"$(SDKROOT)/Developer/Library/Frameworks",
					"$(inherited)",
					"$(DEVELOPER_FRAMEWORKS_DIR)",
				);
				GCC_PRECOMPILE_PREFIX_HEADER = YES;
				GCC_PREFIX_HEADER = "TheBowlingGameKata/TheBowlingGameKata-Prefix.pch";
				INFOPLIST_FILE = "TheBowlingGameKataTests/TheBowlingGameKataTests-Info.plist";
				PRODUCT_NAME = "$(TARGET_NAME)";
				TEST_HOST = "$(BUNDLE_LOADER)";
				WRAPPER_EXTENSION = xctest;
			};
			name = Release;
		};
/* End XCBuildConfiguration section */

/* Begin XCConfigurationList section */
		4997A38E1922968600F53941 /* Build configuration list for PBXProject "TheBowlingGameKata" */ = {
			isa = XCConfigurationList;
			buildConfigurations = (
				4997A3BD1922968600F53941 /* Debug */,
				4997A3BE1922968600F53941 /* Release */,
			);
			defaultConfigurationIsVisible = 0;
			defaultConfigurationName = Release;
		};
		4997A3BF1922968600F53941 /* Build configuration list for PBXNativeTarget "TheBowlingGameKata" */ = {
			isa = XCConfigurationList;
			buildConfigurations = (
				4997A3C01922968600F53941 /* Debug */,
				4997A3C11922968600F53941 /* Release */,
			);
			defaultConfigurationIsVisible = 0;
		};
		4997A3C21922968600F53941 /* Build configuration list for PBXNativeTarget "TheBowlingGameKataTests" */ = {
			isa = XCConfigurationList;
			buildConfigurations = (
				4997A3C31922968600F53941 /* Debug */,
				4997A3C41922968600F53941 /* Release */,
			);
			defaultConfigurationIsVisible = 0;
		};
/* End XCConfigurationList section */
	};
	rootObject = 4997A38B1922968600F53941 /* Project object */;
}
